# This file is @generated by PDM.
# It is not intended for manual editing.

[metadata]
groups = ["default"]
strategy = ["inherit_metadata"]
lock_version = "4.5.0"
content_hash = "sha256:92bebb5d1ebc62965e8d72d9cc55a7edac944db39659af7fc2867b5788f45496"

[[metadata.targets]]
requires_python = "==3.9.*"

[[package]]
name = "aiohappyeyeballs"
version = "2.6.1"
requires_python = ">=3.9"
summary = "Happy Eyeballs for asyncio"
groups = ["default"]
marker = "python_version == \"3.9\""
files = [
    {file = "aiohappyeyeballs-2.6.1-py3-none-any.whl", hash = "sha256:f349ba8f4b75cb25c99c5c2d84e997e485204d2902a9597802b0371f09331fb8"},
    {file = "aiohappyeyeballs-2.6.1.tar.gz", hash = "sha256:c3f9d0113123803ccadfdf3f0faa505bc78e6a72d1cc4806cbd719826e943558"},
]

[[package]]
name = "aiohttp"
version = "3.11.18"
requires_python = ">=3.9"
summary = "Async http client/server framework (asyncio)"
groups = ["default"]
marker = "python_version == \"3.9\""
dependencies = [
    "aiohappyeyeballs>=2.3.0",
    "aiosignal>=1.1.2",
    "async-timeout<6.0,>=4.0; python_version < \"3.11\"",
    "attrs>=17.3.0",
    "frozenlist>=1.1.1",
    "multidict<7.0,>=4.5",
    "propcache>=0.2.0",
    "yarl<2.0,>=1.17.0",
]
files = [
    {file = "aiohttp-3.11.18-cp39-cp39-macosx_10_9_universal2.whl", hash = "sha256:469ac32375d9a716da49817cd26f1916ec787fc82b151c1c832f58420e6d3533"},
    {file = "aiohttp-3.11.18-cp39-cp39-macosx_10_9_x86_64.whl", hash = "sha256:3cec21dd68924179258ae14af9f5418c1ebdbba60b98c667815891293902e5e0"},
    {file = "aiohttp-3.11.18-cp39-cp39-macosx_11_0_arm64.whl", hash = "sha256:b426495fb9140e75719b3ae70a5e8dd3a79def0ae3c6c27e012fc59f16544a4a"},
    {file = "aiohttp-3.11.18-cp39-cp39-manylinux_2_17_aarch64.manylinux2014_aarch64.whl", hash = "sha256:ad2f41203e2808616292db5d7170cccf0c9f9c982d02544443c7eb0296e8b0c7"},
    {file = "aiohttp-3.11.18-cp39-cp39-manylinux_2_17_ppc64le.manylinux2014_ppc64le.whl", hash = "sha256:5bc0ae0a5e9939e423e065a3e5b00b24b8379f1db46046d7ab71753dfc7dd0e1"},
    {file = "aiohttp-3.11.18-cp39-cp39-manylinux_2_17_s390x.manylinux2014_s390x.whl", hash = "sha256:fe7cdd3f7d1df43200e1c80f1aed86bb36033bf65e3c7cf46a2b97a253ef8798"},
    {file = "aiohttp-3.11.18-cp39-cp39-manylinux_2_17_x86_64.manylinux2014_x86_64.whl", hash = "sha256:5199be2a2f01ffdfa8c3a6f5981205242986b9e63eb8ae03fd18f736e4840721"},
    {file = "aiohttp-3.11.18-cp39-cp39-manylinux_2_5_i686.manylinux1_i686.manylinux_2_17_i686.manylinux2014_i686.whl", hash = "sha256:7ccec9e72660b10f8e283e91aa0295975c7bd85c204011d9f5eb69310555cf30"},
    {file = "aiohttp-3.11.18-cp39-cp39-musllinux_1_2_aarch64.whl", hash = "sha256:1596ebf17e42e293cbacc7a24c3e0dc0f8f755b40aff0402cb74c1ff6baec1d3"},
    {file = "aiohttp-3.11.18-cp39-cp39-musllinux_1_2_armv7l.whl", hash = "sha256:eab7b040a8a873020113ba814b7db7fa935235e4cbaf8f3da17671baa1024863"},
    {file = "aiohttp-3.11.18-cp39-cp39-musllinux_1_2_i686.whl", hash = "sha256:5d61df4a05476ff891cff0030329fee4088d40e4dc9b013fac01bc3c745542c2"},
    {file = "aiohttp-3.11.18-cp39-cp39-musllinux_1_2_ppc64le.whl", hash = "sha256:46533e6792e1410f9801d09fd40cbbff3f3518d1b501d6c3c5b218f427f6ff08"},
    {file = "aiohttp-3.11.18-cp39-cp39-musllinux_1_2_s390x.whl", hash = "sha256:c1b90407ced992331dd6d4f1355819ea1c274cc1ee4d5b7046c6761f9ec11829"},
    {file = "aiohttp-3.11.18-cp39-cp39-musllinux_1_2_x86_64.whl", hash = "sha256:a2fd04ae4971b914e54fe459dd7edbbd3f2ba875d69e057d5e3c8e8cac094935"},
    {file = "aiohttp-3.11.18-cp39-cp39-win32.whl", hash = "sha256:b2f317d1678002eee6fe85670039fb34a757972284614638f82b903a03feacdc"},
    {file = "aiohttp-3.11.18-cp39-cp39-win_amd64.whl", hash = "sha256:5e7007b8d1d09bce37b54111f593d173691c530b80f27c6493b928dabed9e6ef"},
    {file = "aiohttp-3.11.18.tar.gz", hash = "sha256:ae856e1138612b7e412db63b7708735cff4d38d0399f6a5435d3dac2669f558a"},
]

[[package]]
name = "aiosignal"
version = "1.3.2"
requires_python = ">=3.9"
summary = "aiosignal: a list of registered asynchronous callbacks"
groups = ["default"]
marker = "python_version == \"3.9\""
dependencies = [
    "frozenlist>=1.1.0",
]
files = [
    {file = "aiosignal-1.3.2-py2.py3-none-any.whl", hash = "sha256:45cde58e409a301715980c2b01d0c28bdde3770d8290b5eb2173759d9acb31a5"},
    {file = "aiosignal-1.3.2.tar.gz", hash = "sha256:a8c255c66fafb1e499c9351d0bf32ff2d8a0321595ebac3b93713656d2436f54"},
]

[[package]]
name = "annotated-types"
version = "0.7.0"
requires_python = ">=3.8"
summary = "Reusable constraint types to use with typing.Annotated"
groups = ["default"]
marker = "python_version == \"3.9\""
dependencies = [
    "typing-extensions>=4.0.0; python_version < \"3.9\"",
]
files = [
    {file = "annotated_types-0.7.0-py3-none-any.whl", hash = "sha256:1f02e8b43a8fbbc3f3e0d4f0f4bfc8131bcb4eebe8849b8e5c773f3a1c582a53"},
    {file = "annotated_types-0.7.0.tar.gz", hash = "sha256:aff07c09a53a08bc8cfccb9c85b05f1aa9a2a6f23728d790723543408344ce89"},
]

[[package]]
name = "anyio"
version = "4.9.0"
requires_python = ">=3.9"
summary = "High level compatibility layer for multiple asynchronous event loop implementations"
groups = ["default"]
marker = "python_version == \"3.9\""
dependencies = [
    "exceptiongroup>=1.0.2; python_version < \"3.11\"",
    "idna>=2.8",
    "sniffio>=1.1",
    "typing-extensions>=4.5; python_version < \"3.13\"",
]
files = [
    {file = "anyio-4.9.0-py3-none-any.whl", hash = "sha256:9f76d541cad6e36af7beb62e978876f3b41e3e04f2c1fbf0884604c0a9c4d93c"},
    {file = "anyio-4.9.0.tar.gz", hash = "sha256:673c0c244e15788651a4ff38710fea9675823028a6f08a5eda409e0c9840a028"},
]

[[package]]
name = "async-timeout"
version = "5.0.1"
requires_python = ">=3.8"
summary = "Timeout context manager for asyncio programs"
groups = ["default"]
marker = "python_version == \"3.9\""
files = [
    {file = "async_timeout-5.0.1-py3-none-any.whl", hash = "sha256:39e3809566ff85354557ec2398b55e096c8364bacac9405a7a1fa429e77fe76c"},
    {file = "async_timeout-5.0.1.tar.gz", hash = "sha256:d9321a7a3d5a6a5e187e824d2fa0793ce379a202935782d555d6e9d2735677d3"},
]

[[package]]
name = "attrs"
version = "25.3.0"
requires_python = ">=3.8"
summary = "Classes Without Boilerplate"
groups = ["default"]
marker = "python_version == \"3.9\""
files = [
    {file = "attrs-25.3.0-py3-none-any.whl", hash = "sha256:427318ce031701fea540783410126f03899a97ffc6f61596ad581ac2e40e3bc3"},
    {file = "attrs-25.3.0.tar.gz", hash = "sha256:75d7cefc7fb576747b2c81b4442d4d4a1ce0900973527c011d1030fd3bf4af1b"},
]

[[package]]
name = "certifi"
version = "2025.1.31"
requires_python = ">=3.6"
summary = "Python package for providing Mozilla's CA Bundle."
groups = ["default"]
marker = "python_version == \"3.9\""
files = [
    {file = "certifi-2025.1.31-py3-none-any.whl", hash = "sha256:ca78db4565a652026a4db2bcdf68f2fb589ea80d0be70e03929ed730746b84fe"},
    {file = "certifi-2025.1.31.tar.gz", hash = "sha256:3d5da6925056f6f18f119200434a4780a94263f10d1c21d032a6f6b2baa20651"},
]

[[package]]
name = "colorama"
version = "0.4.6"
requires_python = "!=3.0.*,!=3.1.*,!=3.2.*,!=3.3.*,!=3.4.*,!=3.5.*,!=3.6.*,>=2.7"
summary = "Cross-platform colored terminal text."
groups = ["default"]
marker = "platform_system == \"Windows\" and python_version == \"3.9\""
files = [
    {file = "colorama-0.4.6-py2.py3-none-any.whl", hash = "sha256:4f1d9991f5acc0ca119f9d443620b77f9d6b33703e51011c16baf57afb285fc6"},
    {file = "colorama-0.4.6.tar.gz", hash = "sha256:08695f5cb7ed6e0531a20572697297273c47b8cae5a63ffc6d6ed5c201be6e44"},
]

[[package]]
name = "discord-py"
version = "2.5.2"
requires_python = ">=3.8"
summary = "A Python wrapper for the Discord API"
groups = ["default"]
marker = "python_version == \"3.9\""
dependencies = [
    "aiohttp<4,>=3.7.4",
    "audioop-lts; python_version >= \"3.13\"",
]
files = [
    {file = "discord_py-2.5.2-py3-none-any.whl", hash = "sha256:81f23a17c50509ffebe0668441cb80c139e74da5115305f70e27ce821361295a"},
    {file = "discord_py-2.5.2.tar.gz", hash = "sha256:01cd362023bfea1a4a1d43f5280b5ef00cad2c7eba80098909f98bf28e578524"},
]

[[package]]
name = "distro"
version = "1.9.0"
requires_python = ">=3.6"
summary = "Distro - an OS platform information API"
groups = ["default"]
marker = "python_version == \"3.9\""
files = [
    {file = "distro-1.9.0-py3-none-any.whl", hash = "sha256:7bffd925d65168f85027d8da9af6bddab658135b840670a223589bc0c8ef02b2"},
    {file = "distro-1.9.0.tar.gz", hash = "sha256:2fa77c6fd8940f116ee1d6b94a2f90b13b5ea8d019b98bc8bafdcabcdd9bdbed"},
]

[[package]]
name = "exceptiongroup"
version = "1.2.2"
requires_python = ">=3.7"
summary = "Backport of PEP 654 (exception groups)"
groups = ["default"]
marker = "python_version == \"3.9\""
files = [
    {file = "exceptiongroup-1.2.2-py3-none-any.whl", hash = "sha256:3111b9d131c238bec2f8f516e123e14ba243563fb135d3fe885990585aa7795b"},
    {file = "exceptiongroup-1.2.2.tar.gz", hash = "sha256:47c2edf7c6738fafb49fd34290706d1a1a2f4d1c6df275526b62cbb4aa5393cc"},
]

[[package]]
name = "frozenlist"
version = "1.6.0"
requires_python = ">=3.9"
summary = "A list-like structure which implements collections.abc.MutableSequence"
groups = ["default"]
marker = "python_version == \"3.9\""
files = [
    {file = "frozenlist-1.6.0-cp39-cp39-macosx_10_9_universal2.whl", hash = "sha256:536a1236065c29980c15c7229fbb830dedf809708c10e159b8136534233545f0"},
    {file = "frozenlist-1.6.0-cp39-cp39-macosx_10_9_x86_64.whl", hash = "sha256:ed5e3a4462ff25ca84fb09e0fada8ea267df98a450340ead4c91b44857267d70"},
    {file = "frozenlist-1.6.0-cp39-cp39-macosx_11_0_arm64.whl", hash = "sha256:e19c0fc9f4f030fcae43b4cdec9e8ab83ffe30ec10c79a4a43a04d1af6c5e1ad"},
    {file = "frozenlist-1.6.0-cp39-cp39-manylinux_2_17_aarch64.manylinux2014_aarch64.whl", hash = "sha256:c7c608f833897501dac548585312d73a7dca028bf3b8688f0d712b7acfaf7fb3"},
    {file = "frozenlist-1.6.0-cp39-cp39-manylinux_2_17_armv7l.manylinux2014_armv7l.manylinux_2_31_armv7l.whl", hash = "sha256:0dbae96c225d584f834b8d3cc688825911960f003a85cb0fd20b6e5512468c42"},
    {file = "frozenlist-1.6.0-cp39-cp39-manylinux_2_17_ppc64le.manylinux2014_ppc64le.whl", hash = "sha256:625170a91dd7261a1d1c2a0c1a353c9e55d21cd67d0852185a5fef86587e6f5f"},
    {file = "frozenlist-1.6.0-cp39-cp39-manylinux_2_17_s390x.manylinux2014_s390x.whl", hash = "sha256:1db8b2fc7ee8a940b547a14c10e56560ad3ea6499dc6875c354e2335812f739d"},
    {file = "frozenlist-1.6.0-cp39-cp39-manylinux_2_5_i686.manylinux1_i686.manylinux_2_17_i686.manylinux2014_i686.whl", hash = "sha256:4da6fc43048b648275a220e3a61c33b7fff65d11bdd6dcb9d9c145ff708b804c"},
    {file = "frozenlist-1.6.0-cp39-cp39-manylinux_2_5_x86_64.manylinux1_x86_64.manylinux_2_17_x86_64.manylinux2014_x86_64.whl", hash = "sha256:6ef8e7e8f2f3820c5f175d70fdd199b79e417acf6c72c5d0aa8f63c9f721646f"},
    {file = "frozenlist-1.6.0-cp39-cp39-musllinux_1_2_aarch64.whl", hash = "sha256:aa733d123cc78245e9bb15f29b44ed9e5780dc6867cfc4e544717b91f980af3b"},
    {file = "frozenlist-1.6.0-cp39-cp39-musllinux_1_2_armv7l.whl", hash = "sha256:ba7f8d97152b61f22d7f59491a781ba9b177dd9f318486c5fbc52cde2db12189"},
    {file = "frozenlist-1.6.0-cp39-cp39-musllinux_1_2_i686.whl", hash = "sha256:56a0b8dd6d0d3d971c91f1df75e824986667ccce91e20dca2023683814344791"},
    {file = "frozenlist-1.6.0-cp39-cp39-musllinux_1_2_ppc64le.whl", hash = "sha256:5c9e89bf19ca148efcc9e3c44fd4c09d5af85c8a7dd3dbd0da1cb83425ef4983"},
    {file = "frozenlist-1.6.0-cp39-cp39-musllinux_1_2_s390x.whl", hash = "sha256:1330f0a4376587face7637dfd245380a57fe21ae8f9d360c1c2ef8746c4195fa"},
    {file = "frozenlist-1.6.0-cp39-cp39-musllinux_1_2_x86_64.whl", hash = "sha256:2187248203b59625566cac53572ec8c2647a140ee2738b4e36772930377a533c"},
    {file = "frozenlist-1.6.0-cp39-cp39-win32.whl", hash = "sha256:2b8cf4cfea847d6c12af06091561a89740f1f67f331c3fa8623391905e878530"},
    {file = "frozenlist-1.6.0-cp39-cp39-win_amd64.whl", hash = "sha256:1255d5d64328c5a0d066ecb0f02034d086537925f1f04b50b1ae60d37afbf572"},
    {file = "frozenlist-1.6.0-py3-none-any.whl", hash = "sha256:535eec9987adb04701266b92745d6cdcef2e77669299359c3009c3404dd5d191"},
    {file = "frozenlist-1.6.0.tar.gz", hash = "sha256:b99655c32c1c8e06d111e7f41c06c29a5318cb1835df23a45518e02a47c63b68"},
]

[[package]]
name = "h11"
version = "0.14.0"
requires_python = ">=3.7"
summary = "A pure-Python, bring-your-own-I/O implementation of HTTP/1.1"
groups = ["default"]
marker = "python_version == \"3.9\""
dependencies = [
    "typing-extensions; python_version < \"3.8\"",
]
files = [
    {file = "h11-0.14.0-py3-none-any.whl", hash = "sha256:e3fe4ac4b851c468cc8363d500db52c2ead036020723024a109d37346efaa761"},
    {file = "h11-0.14.0.tar.gz", hash = "sha256:8f19fbbe99e72420ff35c00b27a34cb9937e902a8b810e2c88300c6f0a3b699d"},
]

[[package]]
name = "httpcore"
version = "1.0.8"
requires_python = ">=3.8"
summary = "A minimal low-level HTTP client."
groups = ["default"]
marker = "python_version == \"3.9\""
dependencies = [
    "certifi",
    "h11<0.15,>=0.13",
]
files = [
    {file = "httpcore-1.0.8-py3-none-any.whl", hash = "sha256:5254cf149bcb5f75e9d1b2b9f729ea4a4b883d1ad7379fc632b727cec23674be"},
    {file = "httpcore-1.0.8.tar.gz", hash = "sha256:86e94505ed24ea06514883fd44d2bc02d90e77e7979c8eb71b90f41d364a1bad"},
]

[[package]]
name = "httpx"
version = "0.28.1"
requires_python = ">=3.8"
summary = "The next generation HTTP client."
groups = ["default"]
marker = "python_version == \"3.9\""
dependencies = [
    "anyio",
    "certifi",
    "httpcore==1.*",
    "idna",
]
files = [
    {file = "httpx-0.28.1-py3-none-any.whl", hash = "sha256:d909fcccc110f8c7faf814ca82a9a4d816bc5a6dbfea25d6591d6985b8ba59ad"},
    {file = "httpx-0.28.1.tar.gz", hash = "sha256:75e98c5f16b0f35b567856f597f06ff2270a374470a5c2392242528e3e3e42fc"},
]

[[package]]
name = "idna"
version = "3.10"
requires_python = ">=3.6"
summary = "Internationalized Domain Names in Applications (IDNA)"
groups = ["default"]
marker = "python_version == \"3.9\""
files = [
    {file = "idna-3.10-py3-none-any.whl", hash = "sha256:946d195a0d259cbba61165e88e65941f16e9b36ea6ddb97f00452bae8b1287d3"},
    {file = "idna-3.10.tar.gz", hash = "sha256:12f65c9b470abda6dc35cf8e63cc574b1c52b11df2c86030af0ac09b01b13ea9"},
]

[[package]]
name = "jiter"
version = "0.9.0"
requires_python = ">=3.8"
summary = "Fast iterable JSON parser."
groups = ["default"]
marker = "python_version == \"3.9\""
files = [
    {file = "jiter-0.9.0-cp39-cp39-macosx_10_12_x86_64.whl", hash = "sha256:9ef340fae98065071ccd5805fe81c99c8f80484e820e40043689cf97fb66b3e2"},
    {file = "jiter-0.9.0-cp39-cp39-macosx_11_0_arm64.whl", hash = "sha256:efb767d92c63b2cd9ec9f24feeb48f49574a713870ec87e9ba0c2c6e9329c3e2"},
    {file = "jiter-0.9.0-cp39-cp39-manylinux_2_17_aarch64.manylinux2014_aarch64.whl", hash = "sha256:113f30f87fb1f412510c6d7ed13e91422cfd329436364a690c34c8b8bd880c42"},
    {file = "jiter-0.9.0-cp39-cp39-manylinux_2_17_armv7l.manylinux2014_armv7l.whl", hash = "sha256:8793b6df019b988526f5a633fdc7456ea75e4a79bd8396a3373c371fc59f5c9b"},
    {file = "jiter-0.9.0-cp39-cp39-manylinux_2_17_ppc64le.manylinux2014_ppc64le.whl", hash = "sha256:7a9aaa5102dba4e079bb728076fadd5a2dca94c05c04ce68004cfd96f128ea34"},
    {file = "jiter-0.9.0-cp39-cp39-manylinux_2_17_s390x.manylinux2014_s390x.whl", hash = "sha256:d838650f6ebaf4ccadfb04522463e74a4c378d7e667e0eb1865cfe3990bfac49"},
    {file = "jiter-0.9.0-cp39-cp39-manylinux_2_17_x86_64.manylinux2014_x86_64.whl", hash = "sha256:c0194f813efdf4b8865ad5f5c5f50f8566df7d770a82c51ef593d09e0b347020"},
    {file = "jiter-0.9.0-cp39-cp39-manylinux_2_5_i686.manylinux1_i686.whl", hash = "sha256:a7954a401d0a8a0b8bc669199db78af435aae1e3569187c2939c477c53cb6a0a"},
    {file = "jiter-0.9.0-cp39-cp39-musllinux_1_1_aarch64.whl", hash = "sha256:4feafe787eb8a8d98168ab15637ca2577f6ddf77ac6c8c66242c2d028aa5420e"},
    {file = "jiter-0.9.0-cp39-cp39-musllinux_1_1_x86_64.whl", hash = "sha256:27cd1f2e8bb377f31d3190b34e4328d280325ad7ef55c6ac9abde72f79e84d2e"},
    {file = "jiter-0.9.0-cp39-cp39-win32.whl", hash = "sha256:161d461dcbe658cf0bd0aa375b30a968b087cdddc624fc585f3867c63c6eca95"},
    {file = "jiter-0.9.0-cp39-cp39-win_amd64.whl", hash = "sha256:e8b36d8a16a61993be33e75126ad3d8aa29cf450b09576f3c427d27647fcb4aa"},
    {file = "jiter-0.9.0.tar.gz", hash = "sha256:aadba0964deb424daa24492abc3d229c60c4a31bfee205aedbf1acc7639d7893"},
]

[[package]]
name = "multidict"
version = "6.4.3"
requires_python = ">=3.9"
summary = "multidict implementation"
groups = ["default"]
marker = "python_version == \"3.9\""
dependencies = [
    "typing-extensions>=4.1.0; python_version < \"3.11\"",
]
files = [
    {file = "multidict-6.4.3-cp39-cp39-macosx_10_9_universal2.whl", hash = "sha256:5427a2679e95a642b7f8b0f761e660c845c8e6fe3141cddd6b62005bd133fc21"},
    {file = "multidict-6.4.3-cp39-cp39-macosx_10_9_x86_64.whl", hash = "sha256:24a8caa26521b9ad09732972927d7b45b66453e6ebd91a3c6a46d811eeb7349b"},
    {file = "multidict-6.4.3-cp39-cp39-macosx_11_0_arm64.whl", hash = "sha256:6b5a272bc7c36a2cd1b56ddc6bff02e9ce499f9f14ee4a45c45434ef083f2459"},
    {file = "multidict-6.4.3-cp39-cp39-manylinux_2_17_aarch64.manylinux2014_aarch64.whl", hash = "sha256:edf74dc5e212b8c75165b435c43eb0d5e81b6b300a938a4eb82827119115e840"},
    {file = "multidict-6.4.3-cp39-cp39-manylinux_2_17_armv7l.manylinux2014_armv7l.manylinux_2_31_armv7l.whl", hash = "sha256:9f35de41aec4b323c71f54b0ca461ebf694fb48bec62f65221f52e0017955b39"},
    {file = "multidict-6.4.3-cp39-cp39-manylinux_2_17_ppc64le.manylinux2014_ppc64le.whl", hash = "sha256:ae93e0ff43b6f6892999af64097b18561691ffd835e21a8348a441e256592e1f"},
    {file = "multidict-6.4.3-cp39-cp39-manylinux_2_17_s390x.manylinux2014_s390x.whl", hash = "sha256:5e3929269e9d7eff905d6971d8b8c85e7dbc72c18fb99c8eae6fe0a152f2e343"},
    {file = "multidict-6.4.3-cp39-cp39-manylinux_2_17_x86_64.manylinux2014_x86_64.whl", hash = "sha256:fb6214fe1750adc2a1b801a199d64b5a67671bf76ebf24c730b157846d0e90d2"},
    {file = "multidict-6.4.3-cp39-cp39-manylinux_2_5_i686.manylinux1_i686.manylinux_2_17_i686.manylinux2014_i686.whl", hash = "sha256:6d79cf5c0c6284e90f72123f4a3e4add52d6c6ebb4a9054e88df15b8d08444c6"},
    {file = "multidict-6.4.3-cp39-cp39-musllinux_1_2_aarch64.whl", hash = "sha256:2427370f4a255262928cd14533a70d9738dfacadb7563bc3b7f704cc2360fc4e"},
    {file = "multidict-6.4.3-cp39-cp39-musllinux_1_2_armv7l.whl", hash = "sha256:fbd8d737867912b6c5f99f56782b8cb81f978a97b4437a1c476de90a3e41c9a1"},
    {file = "multidict-6.4.3-cp39-cp39-musllinux_1_2_i686.whl", hash = "sha256:0ee1bf613c448997f73fc4efb4ecebebb1c02268028dd4f11f011f02300cf1e8"},
    {file = "multidict-6.4.3-cp39-cp39-musllinux_1_2_ppc64le.whl", hash = "sha256:578568c4ba5f2b8abd956baf8b23790dbfdc953e87d5b110bce343b4a54fc9e7"},
    {file = "multidict-6.4.3-cp39-cp39-musllinux_1_2_s390x.whl", hash = "sha256:a059ad6b80de5b84b9fa02a39400319e62edd39d210b4e4f8c4f1243bdac4752"},
    {file = "multidict-6.4.3-cp39-cp39-musllinux_1_2_x86_64.whl", hash = "sha256:dd53893675b729a965088aaadd6a1f326a72b83742b056c1065bdd2e2a42b4df"},
    {file = "multidict-6.4.3-cp39-cp39-win32.whl", hash = "sha256:abcfed2c4c139f25c2355e180bcc077a7cae91eefbb8b3927bb3f836c9586f1f"},
    {file = "multidict-6.4.3-cp39-cp39-win_amd64.whl", hash = "sha256:b1b389ae17296dd739015d5ddb222ee99fd66adeae910de21ac950e00979d897"},
    {file = "multidict-6.4.3-py3-none-any.whl", hash = "sha256:59fe01ee8e2a1e8ceb3f6dbb216b09c8d9f4ef1c22c4fc825d045a147fa2ebc9"},
    {file = "multidict-6.4.3.tar.gz", hash = "sha256:3ada0b058c9f213c5f95ba301f922d402ac234f1111a7d8fd70f1b99f3c281ec"},
]

[[package]]
name = "openai"
version = "1.76.0"
requires_python = ">=3.8"
summary = "The official Python library for the openai API"
groups = ["default"]
marker = "python_version == \"3.9\""
dependencies = [
    "anyio<5,>=3.5.0",
    "distro<2,>=1.7.0",
    "httpx<1,>=0.23.0",
    "jiter<1,>=0.4.0",
    "pydantic<3,>=1.9.0",
    "sniffio",
    "tqdm>4",
    "typing-extensions<5,>=4.11",
]
files = [
    {file = "openai-1.76.0-py3-none-any.whl", hash = "sha256:a712b50e78cf78e6d7b2a8f69c4978243517c2c36999756673e07a14ce37dc0a"},
    {file = "openai-1.76.0.tar.gz", hash = "sha256:fd2bfaf4608f48102d6b74f9e11c5ecaa058b60dad9c36e409c12477dfd91fb2"},
]

[[package]]
name = "propcache"
version = "0.3.1"
requires_python = ">=3.9"
summary = "Accelerated property cache"
groups = ["default"]
marker = "python_version == \"3.9\""
files = [
    {file = "propcache-0.3.1-cp39-cp39-macosx_10_9_universal2.whl", hash = "sha256:ed5f6d2edbf349bd8d630e81f474d33d6ae5d07760c44d33cd808e2f5c8f4ae6"},
    {file = "propcache-0.3.1-cp39-cp39-macosx_10_9_x86_64.whl", hash = "sha256:668ddddc9f3075af019f784456267eb504cb77c2c4bd46cc8402d723b4d200bf"},
    {file = "propcache-0.3.1-cp39-cp39-macosx_11_0_arm64.whl", hash = "sha256:0c86e7ceea56376216eba345aa1fc6a8a6b27ac236181f840d1d7e6a1ea9ba5c"},
    {file = "propcache-0.3.1-cp39-cp39-manylinux_2_17_aarch64.manylinux2014_aarch64.whl", hash = "sha256:83be47aa4e35b87c106fc0c84c0fc069d3f9b9b06d3c494cd404ec6747544894"},
    {file = "propcache-0.3.1-cp39-cp39-manylinux_2_17_ppc64le.manylinux2014_ppc64le.whl", hash = "sha256:27c6ac6aa9fc7bc662f594ef380707494cb42c22786a558d95fcdedb9aa5d035"},
    {file = "propcache-0.3.1-cp39-cp39-manylinux_2_17_s390x.manylinux2014_s390x.whl", hash = "sha256:64a956dff37080b352c1c40b2966b09defb014347043e740d420ca1eb7c9b908"},
    {file = "propcache-0.3.1-cp39-cp39-manylinux_2_17_x86_64.manylinux2014_x86_64.whl", hash = "sha256:82de5da8c8893056603ac2d6a89eb8b4df49abf1a7c19d536984c8dd63f481d5"},
    {file = "propcache-0.3.1-cp39-cp39-manylinux_2_5_i686.manylinux1_i686.manylinux_2_17_i686.manylinux2014_i686.whl", hash = "sha256:0c3c3a203c375b08fd06a20da3cf7aac293b834b6f4f4db71190e8422750cca5"},
    {file = "propcache-0.3.1-cp39-cp39-musllinux_1_2_aarch64.whl", hash = "sha256:b303b194c2e6f171cfddf8b8ba30baefccf03d36a4d9cab7fd0bb68ba476a3d7"},
    {file = "propcache-0.3.1-cp39-cp39-musllinux_1_2_armv7l.whl", hash = "sha256:916cd229b0150129d645ec51614d38129ee74c03293a9f3f17537be0029a9641"},
    {file = "propcache-0.3.1-cp39-cp39-musllinux_1_2_i686.whl", hash = "sha256:a461959ead5b38e2581998700b26346b78cd98540b5524796c175722f18b0294"},
    {file = "propcache-0.3.1-cp39-cp39-musllinux_1_2_ppc64le.whl", hash = "sha256:069e7212890b0bcf9b2be0a03afb0c2d5161d91e1bf51569a64f629acc7defbf"},
    {file = "propcache-0.3.1-cp39-cp39-musllinux_1_2_s390x.whl", hash = "sha256:ef2e4e91fb3945769e14ce82ed53007195e616a63aa43b40fb7ebaaf907c8d4c"},
    {file = "propcache-0.3.1-cp39-cp39-musllinux_1_2_x86_64.whl", hash = "sha256:8638f99dca15b9dff328fb6273e09f03d1c50d9b6512f3b65a4154588a7595fe"},
    {file = "propcache-0.3.1-cp39-cp39-win32.whl", hash = "sha256:6f173bbfe976105aaa890b712d1759de339d8a7cef2fc0a1714cc1a1e1c47f64"},
    {file = "propcache-0.3.1-cp39-cp39-win_amd64.whl", hash = "sha256:603f1fe4144420374f1a69b907494c3acbc867a581c2d49d4175b0de7cc64566"},
    {file = "propcache-0.3.1-py3-none-any.whl", hash = "sha256:9a8ecf38de50a7f518c21568c80f985e776397b902f1ce0b01f799aba1608b40"},
    {file = "propcache-0.3.1.tar.gz", hash = "sha256:40d980c33765359098837527e18eddefc9a24cea5b45e078a7f3bb5b032c6ecf"},
]

[[package]]
name = "pydantic"
version = "2.11.3"
requires_python = ">=3.9"
summary = "Data validation using Python type hints"
groups = ["default"]
marker = "python_version == \"3.9\""
dependencies = [
    "annotated-types>=0.6.0",
    "pydantic-core==2.33.1",
    "typing-extensions>=4.12.2",
    "typing-inspection>=0.4.0",
]
files = [
    {file = "pydantic-2.11.3-py3-none-any.whl", hash = "sha256:a082753436a07f9ba1289c6ffa01cd93db3548776088aa917cc43b63f68fa60f"},
    {file = "pydantic-2.11.3.tar.gz", hash = "sha256:7471657138c16adad9322fe3070c0116dd6c3ad8d649300e3cbdfe91f4db4ec3"},
]

[[package]]
name = "pydantic-core"
version = "2.33.1"
requires_python = ">=3.9"
summary = "Core functionality for Pydantic validation and serialization"
groups = ["default"]
marker = "python_version == \"3.9\""
dependencies = [
    "typing-extensions!=4.7.0,>=4.6.0",
]
files = [
    {file = "pydantic_core-2.33.1-cp39-cp39-macosx_10_12_x86_64.whl", hash = "sha256:5ab77f45d33d264de66e1884fca158bc920cb5e27fd0764a72f72f5756ae8bdb"},
    {file = "pydantic_core-2.33.1-cp39-cp39-macosx_11_0_arm64.whl", hash = "sha256:e7aaba1b4b03aaea7bb59e1b5856d734be011d3e6d98f5bcaa98cb30f375f2ad"},
    {file = "pydantic_core-2.33.1-cp39-cp39-manylinux_2_17_aarch64.manylinux2014_aarch64.whl", hash = "sha256:7fb66263e9ba8fea2aa85e1e5578980d127fb37d7f2e292773e7bc3a38fb0c7b"},
    {file = "pydantic_core-2.33.1-cp39-cp39-manylinux_2_17_armv7l.manylinux2014_armv7l.whl", hash = "sha256:3f2648b9262607a7fb41d782cc263b48032ff7a03a835581abbf7a3bec62bcf5"},
    {file = "pydantic_core-2.33.1-cp39-cp39-manylinux_2_17_ppc64le.manylinux2014_ppc64le.whl", hash = "sha256:723c5630c4259400818b4ad096735a829074601805d07f8cafc366d95786d331"},
    {file = "pydantic_core-2.33.1-cp39-cp39-manylinux_2_17_s390x.manylinux2014_s390x.whl", hash = "sha256:d100e3ae783d2167782391e0c1c7a20a31f55f8015f3293647544df3f9c67824"},
    {file = "pydantic_core-2.33.1-cp39-cp39-manylinux_2_17_x86_64.manylinux2014_x86_64.whl", hash = "sha256:177d50460bc976a0369920b6c744d927b0ecb8606fb56858ff542560251b19e5"},
    {file = "pydantic_core-2.33.1-cp39-cp39-manylinux_2_5_i686.manylinux1_i686.whl", hash = "sha256:a3edde68d1a1f9af1273b2fe798997b33f90308fb6d44d8550c89fc6a3647cf6"},
    {file = "pydantic_core-2.33.1-cp39-cp39-musllinux_1_1_aarch64.whl", hash = "sha256:a62c3c3ef6a7e2c45f7853b10b5bc4ddefd6ee3cd31024754a1a5842da7d598d"},
    {file = "pydantic_core-2.33.1-cp39-cp39-musllinux_1_1_armv7l.whl", hash = "sha256:c91dbb0ab683fa0cd64a6e81907c8ff41d6497c346890e26b23de7ee55353f96"},
    {file = "pydantic_core-2.33.1-cp39-cp39-musllinux_1_1_x86_64.whl", hash = "sha256:9f466e8bf0a62dc43e068c12166281c2eca72121dd2adc1040f3aa1e21ef8599"},
    {file = "pydantic_core-2.33.1-cp39-cp39-win32.whl", hash = "sha256:ab0277cedb698749caada82e5d099dc9fed3f906a30d4c382d1a21725777a1e5"},
    {file = "pydantic_core-2.33.1-cp39-cp39-win_amd64.whl", hash = "sha256:5773da0ee2d17136b1f1c6fbde543398d452a6ad2a7b54ea1033e2daa739b8d2"},
    {file = "pydantic_core-2.33.1-pp39-pypy39_pp73-macosx_10_12_x86_64.whl", hash = "sha256:7edbc454a29fc6aeae1e1eecba4f07b63b8d76e76a748532233c4c167b4cb9ea"},
    {file = "pydantic_core-2.33.1-pp39-pypy39_pp73-macosx_11_0_arm64.whl", hash = "sha256:ad05b683963f69a1d5d2c2bdab1274a31221ca737dbbceaa32bcb67359453cdd"},
    {file = "pydantic_core-2.33.1-pp39-pypy39_pp73-manylinux_2_17_aarch64.manylinux2014_aarch64.whl", hash = "sha256:df6a94bf9452c6da9b5d76ed229a5683d0306ccb91cca8e1eea883189780d568"},
    {file = "pydantic_core-2.33.1-pp39-pypy39_pp73-manylinux_2_17_x86_64.manylinux2014_x86_64.whl", hash = "sha256:7965c13b3967909a09ecc91f21d09cfc4576bf78140b988904e94f130f188396"},
    {file = "pydantic_core-2.33.1-pp39-pypy39_pp73-manylinux_2_5_i686.manylinux1_i686.whl", hash = "sha256:3f1fdb790440a34f6ecf7679e1863b825cb5ffde858a9197f851168ed08371e5"},
    {file = "pydantic_core-2.33.1-pp39-pypy39_pp73-musllinux_1_1_aarch64.whl", hash = "sha256:5277aec8d879f8d05168fdd17ae811dd313b8ff894aeeaf7cd34ad28b4d77e33"},
    {file = "pydantic_core-2.33.1-pp39-pypy39_pp73-musllinux_1_1_armv7l.whl", hash = "sha256:8ab581d3530611897d863d1a649fb0644b860286b4718db919bfd51ece41f10b"},
    {file = "pydantic_core-2.33.1-pp39-pypy39_pp73-musllinux_1_1_x86_64.whl", hash = "sha256:0483847fa9ad5e3412265c1bd72aad35235512d9ce9d27d81a56d935ef489672"},
    {file = "pydantic_core-2.33.1-pp39-pypy39_pp73-win_amd64.whl", hash = "sha256:de9e06abe3cc5ec6a2d5f75bc99b0bdca4f5c719a5b34026f8c57efbdecd2ee3"},
    {file = "pydantic_core-2.33.1.tar.gz", hash = "sha256:bcc9c6fdb0ced789245b02b7d6603e17d1563064ddcfc36f046b61c0c05dd9df"},
]

[[package]]
name = "python-dotenv"
version = "1.1.0"
requires_python = ">=3.9"
summary = "Read key-value pairs from a .env file and set them as environment variables"
groups = ["default"]
marker = "python_version == \"3.9\""
files = [
    {file = "python_dotenv-1.1.0-py3-none-any.whl", hash = "sha256:d7c01d9e2293916c18baf562d95698754b0dbbb5e74d457c45d4f6561fb9d55d"},
    {file = "python_dotenv-1.1.0.tar.gz", hash = "sha256:41f90bc6f5f177fb41f53e87666db362025010eb28f60a01c9143bfa33a2b2d5"},
]

[[package]]
name = "sniffio"
version = "1.3.1"
requires_python = ">=3.7"
summary = "Sniff out which async library your code is running under"
groups = ["default"]
marker = "python_version == \"3.9\""
files = [
    {file = "sniffio-1.3.1-py3-none-any.whl", hash = "sha256:2f6da418d1f1e0fddd844478f41680e794e6051915791a034ff65e5f100525a2"},
    {file = "sniffio-1.3.1.tar.gz", hash = "sha256:f4324edc670a0f49750a81b895f35c3adb843cca46f0530f79fc1babb23789dc"},
]

[[package]]
name = "tqdm"
version = "4.67.1"
requires_python = ">=3.7"
summary = "Fast, Extensible Progress Meter"
groups = ["default"]
marker = "python_version == \"3.9\""
dependencies = [
    "colorama; platform_system == \"Windows\"",
]
files = [
    {file = "tqdm-4.67.1-py3-none-any.whl", hash = "sha256:26445eca388f82e72884e0d580d5464cd801a3ea01e63e5601bdff9ba6a48de2"},
    {file = "tqdm-4.67.1.tar.gz", hash = "sha256:f8aef9c52c08c13a65f30ea34f4e5aac3fd1a34959879d7e59e63027286627f2"},
]

[[package]]
name = "typing-extensions"
version = "4.13.2"
requires_python = ">=3.8"
summary = "Backported and Experimental Type Hints for Python 3.8+"
groups = ["default"]
marker = "python_version == \"3.9\""
files = [
    {file = "typing_extensions-4.13.2-py3-none-any.whl", hash = "sha256:a439e7c04b49fec3e5d3e2beaa21755cadbbdc391694e28ccdd36ca4a1408f8c"},
    {file = "typing_extensions-4.13.2.tar.gz", hash = "sha256:e6c81219bd689f51865d9e372991c540bda33a0379d5573cddb9a3a23f7caaef"},
]

[[package]]
name = "typing-inspection"
version = "0.4.0"
requires_python = ">=3.9"
summary = "Runtime typing introspection tools"
groups = ["default"]
marker = "python_version == \"3.9\""
dependencies = [
    "typing-extensions>=4.12.0",
]
files = [
    {file = "typing_inspection-0.4.0-py3-none-any.whl", hash = "sha256:50e72559fcd2a6367a19f7a7e610e6afcb9fac940c650290eed893d61386832f"},
    {file = "typing_inspection-0.4.0.tar.gz", hash = "sha256:9765c87de36671694a67904bf2c96e395be9c6439bb6c87b5142569dcdd65122"},
]

[[package]]
name = "yarl"
version = "1.20.0"
requires_python = ">=3.9"
summary = "Yet another URL library"
groups = ["default"]
marker = "python_version == \"3.9\""
dependencies = [
    "idna>=2.0",
    "multidict>=4.0",
    "propcache>=0.2.1",
]
files = [
    {file = "yarl-1.20.0-cp39-cp39-macosx_10_9_universal2.whl", hash = "sha256:119bca25e63a7725b0c9d20ac67ca6d98fa40e5a894bd5d4686010ff73397914"},
    {file = "yarl-1.20.0-cp39-cp39-macosx_10_9_x86_64.whl", hash = "sha256:35d20fb919546995f1d8c9e41f485febd266f60e55383090010f272aca93edcc"},
    {file = "yarl-1.20.0-cp39-cp39-macosx_11_0_arm64.whl", hash = "sha256:484e7a08f72683c0f160270566b4395ea5412b4359772b98659921411d32ad26"},
    {file = "yarl-1.20.0-cp39-cp39-manylinux_2_17_aarch64.manylinux2014_aarch64.whl", hash = "sha256:8d8a3d54a090e0fff5837cd3cc305dd8a07d3435a088ddb1f65e33b322f66a94"},
    {file = "yarl-1.20.0-cp39-cp39-manylinux_2_17_armv7l.manylinux2014_armv7l.manylinux_2_31_armv7l.whl", hash = "sha256:f0cf05ae2d3d87a8c9022f3885ac6dea2b751aefd66a4f200e408a61ae9b7f0d"},
    {file = "yarl-1.20.0-cp39-cp39-manylinux_2_17_ppc64le.manylinux2014_ppc64le.whl", hash = "sha256:a884b8974729e3899d9287df46f015ce53f7282d8d3340fa0ed57536b440621c"},
    {file = "yarl-1.20.0-cp39-cp39-manylinux_2_17_s390x.manylinux2014_s390x.whl", hash = "sha256:f8d8aa8dd89ffb9a831fedbcb27d00ffd9f4842107d52dc9d57e64cb34073d5c"},
    {file = "yarl-1.20.0-cp39-cp39-manylinux_2_17_x86_64.manylinux2014_x86_64.whl", hash = "sha256:3b4e88d6c3c8672f45a30867817e4537df1bbc6f882a91581faf1f6d9f0f1b5a"},
    {file = "yarl-1.20.0-cp39-cp39-manylinux_2_5_i686.manylinux1_i686.manylinux_2_17_i686.manylinux2014_i686.whl", hash = "sha256:bdb77efde644d6f1ad27be8a5d67c10b7f769804fff7a966ccb1da5a4de4b656"},
    {file = "yarl-1.20.0-cp39-cp39-musllinux_1_2_aarch64.whl", hash = "sha256:4ba5e59f14bfe8d261a654278a0f6364feef64a794bd456a8c9e823071e5061c"},
    {file = "yarl-1.20.0-cp39-cp39-musllinux_1_2_armv7l.whl", hash = "sha256:d0bf955b96ea44ad914bc792c26a0edcd71b4668b93cbcd60f5b0aeaaed06c64"},
    {file = "yarl-1.20.0-cp39-cp39-musllinux_1_2_i686.whl", hash = "sha256:27359776bc359ee6eaefe40cb19060238f31228799e43ebd3884e9c589e63b20"},
    {file = "yarl-1.20.0-cp39-cp39-musllinux_1_2_ppc64le.whl", hash = "sha256:04d9c7a1dc0a26efb33e1acb56c8849bd57a693b85f44774356c92d610369efa"},
    {file = "yarl-1.20.0-cp39-cp39-musllinux_1_2_s390x.whl", hash = "sha256:faa709b66ae0e24c8e5134033187a972d849d87ed0a12a0366bedcc6b5dc14a5"},
    {file = "yarl-1.20.0-cp39-cp39-musllinux_1_2_x86_64.whl", hash = "sha256:44869ee8538208fe5d9342ed62c11cc6a7a1af1b3d0bb79bb795101b6e77f6e0"},
    {file = "yarl-1.20.0-cp39-cp39-win32.whl", hash = "sha256:b7fa0cb9fd27ffb1211cde944b41f5c67ab1c13a13ebafe470b1e206b8459da8"},
    {file = "yarl-1.20.0-cp39-cp39-win_amd64.whl", hash = "sha256:d4fad6e5189c847820288286732075f213eabf81be4d08d6cc309912e62be5b7"},
    {file = "yarl-1.20.0-py3-none-any.whl", hash = "sha256:5d0fe6af927a47a230f31e6004621fd0959eaa915fc62acfafa67ff7229a3124"},
    {file = "yarl-1.20.0.tar.gz", hash = "sha256:686d51e51ee5dfe62dec86e4866ee0e9ed66df700d55c828a615640adc885307"},
]
